
Microsoft Visual Studio Solution File, Format Version 11.00
# Visual Studio 2010
Project("{FAE04EC0-301F-11D3-BF4B-00C04F79EFBC}") = "postes gestion", "postes gestion.csproj", "{6899D8BF-5903-4F66-96CD-59C793AEAC19}"
EndProject
Global
	GlobalSection(SolutionConfigurationPlatforms) = preSolution
		Debug|Any CPU = Debug|Any CPU
		Release|Any CPU = Release|Any CPU
	EndGlobalSection
	GlobalSection(ProjectConfigurationPlatforms) = postSolution
		{6899D8BF-5903-4F66-96CD-59C793AEAC19}.Debug|Any CPU.ActiveCfg = Debug|Any CPU
		{6899D8BF-5903-4F66-96CD-59C793AEAC19}.Debug|Any CPU.Build.0 = Debug|Any CPU
		{6899D8BF-5903-4F66-96CD-59C793AEAC19}.Release|Any CPU.ActiveCfg = Release|Any CPU
		{6899D8BF-5903-4F66-96CD-59C793AEAC19}.Release|Any CPU.Build.0 = Release|Any CPU
	EndGlobalSection
	GlobalSection(SolutionProperties) = preSolution
		HideSolutionNode = FALSE
	EndGlobalSection
EndGlobal
